
Microsoft Visual Studio Solution File, Format Version 12.00
# Visual Studio 14
VisualStudioVersion = 14.0.25420.1
MinimumVisualStudioVersion = 10.0.40219.1
Project("{FAE04EC0-301F-11D3-BF4B-00C04F79EFBC}") = "Swift.Net.WebAPI", "Swift.Net.WebAPI\Swift.Net.WebAPI.csproj", "{F4D5A657-E1F6-446D-BB74-0B3BDFE3E9B7}"
EndProject
Project("{8BB2217D-0F2D-49D1-97BC-3654ED321F3B}") = "Swift.Net.Core", "Swift.Net.WebAPICore\Swift.Net.Core.xproj", "{E116177A-CB30-4EC7-9265-4972A5DEFE65}"
EndProject
Project("{8BB2217D-0F2D-49D1-97BC-3654ED321F3B}") = "Swift.Net.DocumentDB", "Swift.Net.DocumentDB\Swift.Net.DocumentDB.xproj", "{2BA31E81-9AD5-4D18-AF94-4919F809E71F}"
EndProject
Project("{8BB2217D-0F2D-49D1-97BC-3654ED321F3B}") = "Swift.Net.Extensions", "Swift.Net.Extensions\Swift.Net.Extensions.xproj", "{F902F04D-0A6E-42CC-8B64-6C9CBFDBA6C8}"
EndProject
Project("{8BB2217D-0F2D-49D1-97BC-3654ED321F3B}") = "Swift.Net.Templates", "Swift.Net.Templates\Swift.Net.Templates.xproj", "{3AE8746C-D58D-4991-B993-134CA1590351}"
EndProject
Project("{8BB2217D-0F2D-49D1-97BC-3654ED321F3B}") = "Swift.Net.Crawlers", "Swift.Net.Crawlers\Swift.Net.Crawlers.xproj", "{94BD3EB5-66DB-4BEB-B2B1-31D9887E976E}"
EndProject
Project("{8BB2217D-0F2D-49D1-97BC-3654ED321F3B}") = "Swift.Net.Services", "Swift.Net.Services\Swift.Net.Services.xproj", "{8CB6490C-C308-4329-92DA-6E028C9CC387}"
EndProject
Project("{8BB2217D-0F2D-49D1-97BC-3654ED321F3B}") = "Swift.Net.Search", "Swift.Net.Search\Swift.Net.Search.xproj", "{8D3133B6-FB68-47C6-B4CE-3DDC06A3FCDB}"
EndProject
Project("{8BB2217D-0F2D-49D1-97BC-3654ED321F3B}") = "Swift.Net.SQL", "Swift.Net.SQL\Swift.Net.SQL.xproj", "{DB257B16-0B35-4C91-A3F0-CE21F5A4F43E}"
EndProject
Global
	GlobalSection(SolutionConfigurationPlatforms) = preSolution
		Debug|Any CPU = Debug|Any CPU
		Release|Any CPU = Release|Any CPU
	EndGlobalSection
	GlobalSection(ProjectConfigurationPlatforms) = postSolution
		{F4D5A657-E1F6-446D-BB74-0B3BDFE3E9B7}.Debug|Any CPU.ActiveCfg = Debug|Any CPU
		{F4D5A657-E1F6-446D-BB74-0B3BDFE3E9B7}.Debug|Any CPU.Build.0 = Debug|Any CPU
		{F4D5A657-E1F6-446D-BB74-0B3BDFE3E9B7}.Release|Any CPU.ActiveCfg = Release|Any CPU
		{F4D5A657-E1F6-446D-BB74-0B3BDFE3E9B7}.Release|Any CPU.Build.0 = Release|Any CPU
		{E116177A-CB30-4EC7-9265-4972A5DEFE65}.Debug|Any CPU.ActiveCfg = Debug|Any CPU
		{E116177A-CB30-4EC7-9265-4972A5DEFE65}.Debug|Any CPU.Build.0 = Debug|Any CPU
		{E116177A-CB30-4EC7-9265-4972A5DEFE65}.Release|Any CPU.ActiveCfg = Release|Any CPU
		{E116177A-CB30-4EC7-9265-4972A5DEFE65}.Release|Any CPU.Build.0 = Release|Any CPU
		{2BA31E81-9AD5-4D18-AF94-4919F809E71F}.Debug|Any CPU.ActiveCfg = Debug|Any CPU
		{2BA31E81-9AD5-4D18-AF94-4919F809E71F}.Debug|Any CPU.Build.0 = Debug|Any CPU
		{2BA31E81-9AD5-4D18-AF94-4919F809E71F}.Release|Any CPU.ActiveCfg = Release|Any CPU
		{2BA31E81-9AD5-4D18-AF94-4919F809E71F}.Release|Any CPU.Build.0 = Release|Any CPU
		{F902F04D-0A6E-42CC-8B64-6C9CBFDBA6C8}.Debug|Any CPU.ActiveCfg = Debug|Any CPU
		{F902F04D-0A6E-42CC-8B64-6C9CBFDBA6C8}.Debug|Any CPU.Build.0 = Debug|Any CPU
		{F902F04D-0A6E-42CC-8B64-6C9CBFDBA6C8}.Release|Any CPU.ActiveCfg = Release|Any CPU
		{F902F04D-0A6E-42CC-8B64-6C9CBFDBA6C8}.Release|Any CPU.Build.0 = Release|Any CPU
		{3AE8746C-D58D-4991-B993-134CA1590351}.Debug|Any CPU.ActiveCfg = Debug|Any CPU
		{3AE8746C-D58D-4991-B993-134CA1590351}.Debug|Any CPU.Build.0 = Debug|Any CPU
		{3AE8746C-D58D-4991-B993-134CA1590351}.Release|Any CPU.ActiveCfg = Release|Any CPU
		{3AE8746C-D58D-4991-B993-134CA1590351}.Release|Any CPU.Build.0 = Release|Any CPU
		{94BD3EB5-66DB-4BEB-B2B1-31D9887E976E}.Debug|Any CPU.ActiveCfg = Debug|Any CPU
		{94BD3EB5-66DB-4BEB-B2B1-31D9887E976E}.Debug|Any CPU.Build.0 = Debug|Any CPU
		{94BD3EB5-66DB-4BEB-B2B1-31D9887E976E}.Release|Any CPU.ActiveCfg = Release|Any CPU
		{94BD3EB5-66DB-4BEB-B2B1-31D9887E976E}.Release|Any CPU.Build.0 = Release|Any CPU
		{8CB6490C-C308-4329-92DA-6E028C9CC387}.Debug|Any CPU.ActiveCfg = Debug|Any CPU
		{8CB6490C-C308-4329-92DA-6E028C9CC387}.Debug|Any CPU.Build.0 = Debug|Any CPU
		{8CB6490C-C308-4329-92DA-6E028C9CC387}.Release|Any CPU.ActiveCfg = Release|Any CPU
		{8CB6490C-C308-4329-92DA-6E028C9CC387}.Release|Any CPU.Build.0 = Release|Any CPU
		{8D3133B6-FB68-47C6-B4CE-3DDC06A3FCDB}.Debug|Any CPU.ActiveCfg = Debug|Any CPU
		{8D3133B6-FB68-47C6-B4CE-3DDC06A3FCDB}.Debug|Any CPU.Build.0 = Debug|Any CPU
		{8D3133B6-FB68-47C6-B4CE-3DDC06A3FCDB}.Release|Any CPU.ActiveCfg = Release|Any CPU
		{8D3133B6-FB68-47C6-B4CE-3DDC06A3FCDB}.Release|Any CPU.Build.0 = Release|Any CPU
		{DB257B16-0B35-4C91-A3F0-CE21F5A4F43E}.Debug|Any CPU.ActiveCfg = Debug|Any CPU
		{DB257B16-0B35-4C91-A3F0-CE21F5A4F43E}.Debug|Any CPU.Build.0 = Debug|Any CPU
		{DB257B16-0B35-4C91-A3F0-CE21F5A4F43E}.Release|Any CPU.ActiveCfg = Release|Any CPU
		{DB257B16-0B35-4C91-A3F0-CE21F5A4F43E}.Release|Any CPU.Build.0 = Release|Any CPU
	EndGlobalSection
	GlobalSection(SolutionProperties) = preSolution
		HideSolutionNode = FALSE
	EndGlobalSection
EndGlobal
