
Microsoft Visual Studio Solution File, Format Version 12.00
# Visual Studio 14
VisualStudioVersion = 14.0.25420.1
MinimumVisualStudioVersion = 10.0.40219.1
Project("{FAE04EC0-301F-11D3-BF4B-00C04F79EFBC}") = "SwiftDotNet.WebAPI", "SwiftDotNet.WebAPI\SwiftDotNet.WebAPI.csproj", "{F4D5A657-E1F6-446D-BB74-0B3BDFE3E9B7}"
EndProject
Project("{8BB2217D-0F2D-49D1-97BC-3654ED321F3B}") = "SwiftDotNet.Core", "SwiftDotNet.WebAPICore\SwiftDotNet.Core.xproj", "{E116177A-CB30-4EC7-9265-4972A5DEFE65}"
EndProject
Project("{8BB2217D-0F2D-49D1-97BC-3654ED321F3B}") = "SwiftDotNet.DocumentDB", "SwiftDotNet.DocumentDB\SwiftDotNet.DocumentDB.xproj", "{2BA31E81-9AD5-4D18-AF94-4919F809E71F}"
EndProject
Project("{8BB2217D-0F2D-49D1-97BC-3654ED321F3B}") = "SwiftDotNet.Extensions", "SwiftDotNet.Extensions\SwiftDotNet.Extensions.xproj", "{F902F04D-0A6E-42CC-8B64-6C9CBFDBA6C8}"
EndProject
Global
	GlobalSection(SolutionConfigurationPlatforms) = preSolution
		Debug|Any CPU = Debug|Any CPU
		Release|Any CPU = Release|Any CPU
	EndGlobalSection
	GlobalSection(ProjectConfigurationPlatforms) = postSolution
		{F4D5A657-E1F6-446D-BB74-0B3BDFE3E9B7}.Debug|Any CPU.ActiveCfg = Debug|Any CPU
		{F4D5A657-E1F6-446D-BB74-0B3BDFE3E9B7}.Debug|Any CPU.Build.0 = Debug|Any CPU
		{F4D5A657-E1F6-446D-BB74-0B3BDFE3E9B7}.Release|Any CPU.ActiveCfg = Release|Any CPU
		{F4D5A657-E1F6-446D-BB74-0B3BDFE3E9B7}.Release|Any CPU.Build.0 = Release|Any CPU
		{E116177A-CB30-4EC7-9265-4972A5DEFE65}.Debug|Any CPU.ActiveCfg = Debug|Any CPU
		{E116177A-CB30-4EC7-9265-4972A5DEFE65}.Debug|Any CPU.Build.0 = Debug|Any CPU
		{E116177A-CB30-4EC7-9265-4972A5DEFE65}.Release|Any CPU.ActiveCfg = Release|Any CPU
		{E116177A-CB30-4EC7-9265-4972A5DEFE65}.Release|Any CPU.Build.0 = Release|Any CPU
		{2BA31E81-9AD5-4D18-AF94-4919F809E71F}.Debug|Any CPU.ActiveCfg = Debug|Any CPU
		{2BA31E81-9AD5-4D18-AF94-4919F809E71F}.Debug|Any CPU.Build.0 = Debug|Any CPU
		{2BA31E81-9AD5-4D18-AF94-4919F809E71F}.Release|Any CPU.ActiveCfg = Release|Any CPU
		{2BA31E81-9AD5-4D18-AF94-4919F809E71F}.Release|Any CPU.Build.0 = Release|Any CPU
		{F902F04D-0A6E-42CC-8B64-6C9CBFDBA6C8}.Debug|Any CPU.ActiveCfg = Debug|Any CPU
		{F902F04D-0A6E-42CC-8B64-6C9CBFDBA6C8}.Debug|Any CPU.Build.0 = Debug|Any CPU
		{F902F04D-0A6E-42CC-8B64-6C9CBFDBA6C8}.Release|Any CPU.ActiveCfg = Release|Any CPU
		{F902F04D-0A6E-42CC-8B64-6C9CBFDBA6C8}.Release|Any CPU.Build.0 = Release|Any CPU
	EndGlobalSection
	GlobalSection(SolutionProperties) = preSolution
		HideSolutionNode = FALSE
	EndGlobalSection
EndGlobal
